
Microsoft Visual Studio Solution File, Format Version 12.00
# Visual Studio Version 16
VisualStudioVersion = 16.0.31025.194
MinimumVisualStudioVersion = 10.0.40219.1
Project("{FAE04EC0-301F-11D3-BF4B-00C04F79EFBC}") = "TrayMonitor", "TrayMonitor\TrayMonitor.csproj", "{EC06C770-BB41-419B-9E00-21CAEEEC8277}"
EndProject
Global
	GlobalSection(SolutionConfigurationPlatforms) = preSolution
		Debug|Any CPU = Debug|Any CPU
		Release|Any CPU = Release|Any CPU
	EndGlobalSection
	GlobalSection(ProjectConfigurationPlatforms) = postSolution
		{EC06C770-BB41-419B-9E00-21CAEEEC8277}.Debug|Any CPU.ActiveCfg = Debug|Any CPU
		{EC06C770-BB41-419B-9E00-21CAEEEC8277}.Debug|Any CPU.Build.0 = Debug|Any CPU
		{EC06C770-BB41-419B-9E00-21CAEEEC8277}.Release|Any CPU.ActiveCfg = Release|Any CPU
		{EC06C770-BB41-419B-9E00-21CAEEEC8277}.Release|Any CPU.Build.0 = Release|Any CPU
	EndGlobalSection
	GlobalSection(SolutionProperties) = preSolution
		HideSolutionNode = FALSE
	EndGlobalSection
	GlobalSection(ExtensibilityGlobals) = postSolution
		SolutionGuid = {6D6285B5-EAAC-4B07-A237-58A810352061}
	EndGlobalSection
EndGlobal
